# This lock file was generated by conda-lock (https://github.com/conda/conda-lock). DO NOT EDIT!
#
# A "lock file" contains a concrete list of package versions (with checksums) to be installed. Unlike
# e.g. `conda env create`, the resulting environment will not change as new package versions become
# available, unless you explicitly update the lock file.
#
# Install this environment as "YOURENV" with:
#     conda-lock install -n YOURENV conda-lock.yml
# To update a single package to the latest version compatible with the version constraints in the source:
#     conda-lock lock  --lockfile conda-lock.yml --update PACKAGE
# To re-solve the entire environment, e.g. after changing a version constraint in the source file:
#     conda-lock -f environment.yml --lockfile conda-lock.yml
version: 1
metadata:
  content_hash:
    linux-64: df43d3df06f3e581b543f6061f0b3f4386a25003ef9d213dbb739ff4d2e0e6c2
  channels:
  - url: conda-forge
    used_env_vars: []
  platforms:
  - linux-64
  sources:
  - environment.yml
package:
- name: _libgcc_mutex
  version: '0.1'
  manager: conda
  platform: linux-64
  dependencies: {}
  url: https://conda.anaconda.org/conda-forge/linux-64/_libgcc_mutex-0.1-conda_forge.tar.bz2
  hash:
    md5: d7c89558ba9fa0495403155b64376d81
    sha256: fe51de6107f9edc7aa4f786a70f4a883943bc9d39b3bb7307c04c41410990726
  category: main
  optional: false
- name: _openmp_mutex
  version: '4.5'
  manager: conda
  platform: linux-64
  dependencies:
    _libgcc_mutex: '0.1'
    libgomp: '>=7.5.0'
  url: https://conda.anaconda.org/conda-forge/linux-64/_openmp_mutex-4.5-2_gnu.tar.bz2
  hash:
    md5: 73aaf86a425cc6e73fcf236a5a46396d
    sha256: fbe2c5e56a653bebb982eda4876a9178aedfc2b545f25d0ce9c4c0b508253d22
  category: main
  optional: false
- name: annotated-types
  version: 0.7.0
  manager: conda
  platform: linux-64
  dependencies:
    python: '>=3.9'
    typing-extensions: '>=4.0.0'
  url: https://conda.anaconda.org/conda-forge/noarch/annotated-types-0.7.0-pyhd8ed1ab_1.conda
  hash:
    md5: 2934f256a8acfe48f6ebb4fce6cde29c
    sha256: e0ea1ba78fbb64f17062601edda82097fcf815012cf52bb704150a2668110d48
  category: main
  optional: false
- name: appdirs
  version: 1.4.4
  manager: conda
  platform: linux-64
  dependencies:
    python: '>=3.9'
  url: https://conda.anaconda.org/conda-forge/noarch/appdirs-1.4.4-pyhd8ed1ab_1.conda
  hash:
    md5: f4e90937bbfc3a4a92539545a37bb448
    sha256: 5b9ef6d338525b332e17c3ed089ca2f53a5d74b7a7b432747d29c6466e39346d
  category: main
  optional: false
- name: backports
  version: '1.0'
  manager: conda
  platform: linux-64
  dependencies:
    python: '>=3.9'
  url: https://conda.anaconda.org/conda-forge/noarch/backports-1.0-pyhd8ed1ab_5.conda
  hash:
    md5: 767d508c1a67e02ae8f50e44cacfadb2
    sha256: e1c3dc8b5aa6e12145423fed262b4754d70fec601339896b9ccf483178f690a6
  category: main
  optional: false
- name: backports.tarfile
  version: 1.2.0
  manager: conda
  platform: linux-64
  dependencies:
    backports: ''
    python: '>=3.9'
  url: https://conda.anaconda.org/conda-forge/noarch/backports.tarfile-1.2.0-pyhd8ed1ab_1.conda
  hash:
    md5: df837d654933488220b454c6a3b0fad6
    sha256: a0f41db6d7580cec3c850e5d1b82cb03197dd49a3179b1cee59c62cd2c761b36
  category: main
  optional: false
- name: boltons
  version: 25.0.0
  manager: conda
  platform: linux-64
  dependencies:
    python: '>=3.9'
  url: https://conda.anaconda.org/conda-forge/noarch/boltons-25.0.0-pyhd8ed1ab_0.conda
  hash:
    md5: c7eb87af73750d6fd97eff8bbee8cb9c
    sha256: ea5f4c876eff2ed469551b57f1cc889a3c01128bf3e2e10b1fea11c3ef39eac2
  category: main
  optional: false
- name: brotli-python
  version: 1.2.0
  manager: conda
  platform: linux-64
  dependencies:
    __glibc: '>=2.17,<3.0.a0'
    libgcc: '>=14'
    libstdcxx: '>=14'
    python: '>=3.13,<3.14.0a0'
    python_abi: 3.13.*
  url: https://conda.anaconda.org/conda-forge/linux-64/brotli-python-1.2.0-py313hf159716_1.conda
  hash:
    md5: 6c4d3597cf43f3439a51b2b13e29a4ba
    sha256: dadec2879492adede0a9af0191203f9b023f788c18efd45ecac676d424c458ae
  category: main
  optional: false
- name: bzip2
  version: 1.0.8
  manager: conda
  platform: linux-64
  dependencies:
    __glibc: '>=2.17,<3.0.a0'
    libgcc: '>=14'
  url: https://conda.anaconda.org/conda-forge/linux-64/bzip2-1.0.8-hda65f42_8.conda
  hash:
    md5: 51a19bba1b8ebfb60df25cde030b7ebc
    sha256: c30daba32ddebbb7ded490f0e371eae90f51e72db620554089103b4a6934b0d5
  category: main
  optional: false
- name: ca-certificates
  version: 2025.11.12
  manager: conda
  platform: linux-64
  dependencies:
    __unix: ''
  url: https://conda.anaconda.org/conda-forge/noarch/ca-certificates-2025.11.12-hbd8a1cb_0.conda
  hash:
    md5: f0991f0f84902f6b6009b4d2350a83aa
    sha256: b986ba796d42c9d3265602bc038f6f5264095702dd546c14bc684e60c385e773
  category: main
  optional: false
- name: cachecontrol
  version: 0.14.3
  manager: conda
  platform: linux-64
  dependencies:
    msgpack-python: '>=0.5.2,<2.0.0'
    python: '>=3.9'
    requests: '>=2.16.0'
  url: https://conda.anaconda.org/conda-forge/noarch/cachecontrol-0.14.3-pyha770c72_0.conda
  hash:
    md5: 241ef6e3db47a143ac34c21bfba510f1
    sha256: ec791bb6f1ef504411f87b28946a7ae63ed1f3681cefc462cf1dfdaf0790b6a9
  category: main
  optional: false
- name: cachecontrol-with-filecache
  version: 0.14.3
  manager: conda
  platform: linux-64
  dependencies:
    cachecontrol: 0.14.3
    filelock: '>=3.8.0'
    python: '>=3.9'
  url: https://conda.anaconda.org/conda-forge/noarch/cachecontrol-with-filecache-0.14.3-pyhd8ed1ab_0.conda
  hash:
    md5: b4af8c1b61929b1bcb001c2953882149
    sha256: 4ba4d08fba095556b7f1e06ec1dca068b367e68aadab0aca73115d02ddfcd518
  category: main
  optional: false
- name: certifi
  version: 2025.11.12
  manager: conda
  platform: linux-64
  dependencies:
    python: '>=3.10'
  url: https://conda.anaconda.org/conda-forge/noarch/certifi-2025.11.12-pyhd8ed1ab_0.conda
  hash:
    md5: 96a02a5c1a65470a7e4eedb644c872fd
    sha256: 083a2bdad892ccf02b352ecab38ee86c3e610ba9a4b11b073ea769d55a115d32
  category: main
  optional: false
- name: cffi
  version: 2.0.0
  manager: conda
  platform: linux-64
  dependencies:
    __glibc: '>=2.17,<3.0.a0'
    libffi: '>=3.5.2,<3.6.0a0'
    libgcc: '>=14'
    pycparser: ''
    python: '>=3.13,<3.14.0a0'
    python_abi: 3.13.*
  url: https://conda.anaconda.org/conda-forge/linux-64/cffi-2.0.0-py313hf46b229_1.conda
  hash:
    md5: d0616e7935acab407d1543b28c446f6f
    sha256: 2162a91819945c826c6ef5efe379e88b1df0fe9a387eeba23ddcf7ebeacd5bd6
  category: main
  optional: false
- name: charset-normalizer
  version: 3.4.4
  manager: conda
  platform: linux-64
  dependencies:
    python: '>=3.10'
  url: https://conda.anaconda.org/conda-forge/noarch/charset-normalizer-3.4.4-pyhd8ed1ab_0.conda
  hash:
    md5: a22d1fd9bf98827e280a02875d9a007a
    sha256: b32f8362e885f1b8417bac2b3da4db7323faa12d5db62b7fd6691c02d60d6f59
  category: main
  optional: false
- name: click
  version: 8.3.1
  manager: conda
  platform: linux-64
  dependencies:
    __unix: ''
    python: '>=3.10'
  url: https://conda.anaconda.org/conda-forge/noarch/click-8.3.1-pyh707e725_0.conda
  hash:
    md5: 9ba00b39e03a0afb2b1cc0767d4c6175
    sha256: 970b12fb186c3451eee9dd0f10235aeb75fb570b0e9dc83250673c2f0b196265
  category: main
  optional: false
- name: click-default-group
  version: 1.2.4
  manager: conda
  platform: linux-64
  dependencies:
    click: ''
    python: '>=3.9'
  url: https://conda.anaconda.org/conda-forge/noarch/click-default-group-1.2.4-pyhd8ed1ab_1.conda
  hash:
    md5: 7cd83dd6831b61ad9624a694e4afd7dc
    sha256: cb7279eecddbd35ea78fd0e189a9a7db8b84c2c0e3b1271cf26251615f75dc4d
  category: main
  optional: false
- name: colorama
  version: 0.4.6
  manager: conda
  platform: linux-64
  dependencies:
    python: '>=3.9'
  url: https://conda.anaconda.org/conda-forge/noarch/colorama-0.4.6-pyhd8ed1ab_1.conda
  hash:
    md5: 962b9857ee8e7018c22f2776ffa0b2d7
    sha256: ab29d57dc70786c1269633ba3dff20288b81664d3ff8d21af995742e2bb03287
  category: main
  optional: false
- name: conda-lock
  version: 3.0.4
  manager: conda
  platform: linux-64
  dependencies:
    __linux: ''
    python: ''
    click: '>=8.0'
    click-default-group: ''
    ensureconda: '>=1.4.7'
    filelock: ''
    gitpython: '>=3.1.30'
    jinja2: ''
    packaging: '>=24.0'
    platformdirs: '>=3.10.0,<5.0.0'
    pydantic: '>=2'
    pyyaml: '>=5.1'
    requests: '>=2.26,<3.0'
    ruamel.yaml: ''
    semver: '>=3,<4'
    setuptools: ''
    tomli: '>=2.0.1,<3.0.0'
    tomlkit: '>=0.11.4,<1.0.0'
    typing_extensions: '>=4.6.1'
    boltons: '>=23.0.0'
    charset-normalizer: ''
    zstandard: '>=0.15'
    python-build: '>=1.2.1,<2.0.0'
    cachecontrol: '>=0.14.0,<0.15.0'
    cachecontrol-with-filecache: ''
    crashtest: '>=0.4.1,<0.5.0'
    dulwich: '>=0.22.6,<0.23.0'
    python-fastjsonschema: '>=2.18.0,<3.0.0'
    importlib-metadata: '>=4.4'
    python-installer: '>=0.7.0,<0.8.0'
    keyring: '>=25.1.0,<26.0.0'
    pkginfo: '>=1.12,<2.0'
    pyproject_hooks: '>=1.0.0,<2.0.0'
    requests-toolbelt: '>=1.0.0,<2.0.0'
    shellingham: '>=1.5,<2.0'
    trove-classifiers: '>=2022.5.19'
    virtualenv: '>=20.26.6,<21.0.0'
  url: https://conda.anaconda.org/conda-forge/noarch/conda-lock-3.0.4-pyh367d9c9_1.conda
  hash:
    md5: e9cdc696228d9701ec8142fd3ba16f58
    sha256: 9cfd82d7185758f3923655623f220faa907f4d8275d861210b1bd83a3e3a9833
  category: main
  optional: false
- name: conda-package-streaming
  version: 0.12.0
  manager: conda
  platform: linux-64
  dependencies:
    python: '>=3.9'
    zstandard: '>=0.15'
  url: https://conda.anaconda.org/conda-forge/noarch/conda-package-streaming-0.12.0-pyhd8ed1ab_0.conda
  hash:
    md5: ff75d06af779966a5aeae1be1d409b96
    sha256: 11b76b0be2f629e8035be1d723ccb6e583eb0d2af93bde56113da7fa6e2f2649
  category: main
  optional: false
- name: crashtest
  version: 0.4.1
  manager: conda
  platform: linux-64
  dependencies:
    python: '>=3.9,<4.0'
  url: https://conda.anaconda.org/conda-forge/noarch/crashtest-0.4.1-pyhd8ed1ab_1.conda
  hash:
    md5: e036e2f76d9c9aebc12510ed23352b6c
    sha256: af1622b15f8c7411d9c14b8adf970cec16fec8a28b98069fdf42b1cd2259ccc9
  category: main
  optional: false
- name: cryptography
  version: 46.0.3
  manager: conda
  platform: linux-64
  dependencies:
    __glibc: '>=2.17,<3.0.a0'
    cffi: '>=1.14'
    libgcc: '>=14'
    openssl: '>=3.5.4,<4.0a0'
    python: '>=3.13,<3.14.0a0'
    python_abi: 3.13.*
  url: https://conda.anaconda.org/conda-forge/linux-64/cryptography-46.0.3-py313hafb0bba_0.conda
  hash:
    md5: 524ddf173d159040f9a4e2de23e08085
    sha256: 975cea9e12c4afdb8e12373cab92569fe4062bb0b5b3c39ee7c077c9fdca4121
  category: main
  optional: false
- name: dbus
  version: 1.16.2
  manager: conda
  platform: linux-64
  dependencies:
    libstdcxx: '>=13'
    libgcc: '>=13'
    __glibc: '>=2.17,<3.0.a0'
    libexpat: '>=2.7.0,<3.0a0'
    libzlib: '>=1.3.1,<2.0a0'
    libglib: '>=2.84.2,<3.0a0'
  url: https://conda.anaconda.org/conda-forge/linux-64/dbus-1.16.2-h3c4dab8_0.conda
  hash:
    md5: 679616eb5ad4e521c83da4650860aba7
    sha256: 3b988146a50e165f0fa4e839545c679af88e4782ec284cc7b6d07dd226d6a068
  category: main
  optional: false
- name: distlib
  version: 0.4.0
  manager: conda
  platform: linux-64
  dependencies:
    python: '>=3.9'
  url: https://conda.anaconda.org/conda-forge/noarch/distlib-0.4.0-pyhd8ed1ab_0.conda
  hash:
    md5: 003b8ba0a94e2f1e117d0bd46aebc901
    sha256: 6d977f0b2fc24fee21a9554389ab83070db341af6d6f09285360b2e09ef8b26e
  category: main
  optional: false
- name: dulwich
  version: 0.22.8
  manager: conda
  platform: linux-64
  dependencies:
    __glibc: '>=2.17,<3.0.a0'
    libgcc: '>=13'
    python: '>=3.13,<3.14.0a0'
    python_abi: 3.13.*
    setuptools: ''
    urllib3: '>=1.25'
  url: https://conda.anaconda.org/conda-forge/linux-64/dulwich-0.22.8-py313h920b4c0_0.conda
  hash:
    md5: e44b3abd6a6244d7fe94a77f214607fe
    sha256: 36ba383c4c988ca28ad383e8e0737eef0509785ec4a6b7e449d4526d25b10bd1
  category: main
  optional: false
- name: ensureconda
  version: 1.6.0
  manager: conda
  platform: linux-64
  dependencies:
    python: ''
    appdirs: ''
    click: '>=5.1'
    filelock: ''
    packaging: ''
    requests: '>=2'
    conda-package-streaming: ''
  url: https://conda.anaconda.org/conda-forge/noarch/ensureconda-1.6.0-pyhcf101f3_0.conda
  hash:
    md5: fcc02785e4da41e5f19f740e017b6ffb
    sha256: e3c35c7cee4e6db53de4ad1ca6d35b7aced263d21a6ee2dcdffe401135646ab2
  category: main
  optional: false
- name: filelock
  version: 3.20.0
  manager: conda
  platform: linux-64
  dependencies:
    python: '>=3.10'
  url: https://conda.anaconda.org/conda-forge/noarch/filelock-3.20.0-pyhd8ed1ab_0.conda
  hash:
    md5: 66b8b26023b8efdf8fcb23bac4b6325d
    sha256: 19025a4078ff3940d97eb0da29983d5e0deac9c3e09b0eabf897daeaf9d1114e
  category: main
  optional: false
- name: gitdb
  version: 4.0.12
  manager: conda
  platform: linux-64
  dependencies:
    python: '>=3.9'
    smmap: '>=3.0.1,<6'
  url: https://conda.anaconda.org/conda-forge/noarch/gitdb-4.0.12-pyhd8ed1ab_0.conda
  hash:
    md5: 7c14f3706e099f8fcd47af2d494616cc
    sha256: dbbec21a369872c8ebe23cb9a3b9d63638479ee30face165aa0fccc96e93eec3
  category: main
  optional: false
- name: gitpython
  version: 3.1.45
  manager: conda
  platform: linux-64
  dependencies:
    gitdb: '>=4.0.1,<5'
    python: '>=3.9'
    typing_extensions: '>=3.10.0.2'
  url: https://conda.anaconda.org/conda-forge/noarch/gitpython-3.1.45-pyhff2d567_0.conda
  hash:
    md5: b91d463ea8be13bcbe644ae8bc99c39f
    sha256: 12df2c971e98f30f2a9bec8aa96ea23092717ace109d16815eeb4c095f181aa2
  category: main
  optional: false
- name: h2
  version: 4.3.0
  manager: conda
  platform: linux-64
  dependencies:
    python: ''
    hyperframe: '>=6.1,<7'
    hpack: '>=4.1,<5'
  url: https://conda.anaconda.org/conda-forge/noarch/h2-4.3.0-pyhcf101f3_0.conda
  hash:
    md5: 164fc43f0b53b6e3a7bc7dce5e4f1dc9
    sha256: 84c64443368f84b600bfecc529a1194a3b14c3656ee2e832d15a20e0329b6da3
  category: main
  optional: false
- name: hpack
  version: 4.1.0
  manager: conda
  platform: linux-64
  dependencies:
    python: '>=3.9'
  url: https://conda.anaconda.org/conda-forge/noarch/hpack-4.1.0-pyhd8ed1ab_0.conda
  hash:
    md5: 0a802cb9888dd14eeefc611f05c40b6e
    sha256: 6ad78a180576c706aabeb5b4c8ceb97c0cb25f1e112d76495bff23e3779948ba
  category: main
  optional: false
- name: hyperframe
  version: 6.1.0
  manager: conda
  platform: linux-64
  dependencies:
    python: '>=3.9'
  url: https://conda.anaconda.org/conda-forge/noarch/hyperframe-6.1.0-pyhd8ed1ab_0.conda
  hash:
    md5: 8e6923fc12f1fe8f8c4e5c9f343256ac
    sha256: 77af6f5fe8b62ca07d09ac60127a30d9069fdc3c68d6b256754d0ffb1f7779f8
  category: main
  optional: false
- name: icu
  version: '75.1'
  manager: conda
  platform: linux-64
  dependencies:
    __glibc: '>=2.17,<3.0.a0'
    libgcc-ng: '>=12'
    libstdcxx-ng: '>=12'
  url: https://conda.anaconda.org/conda-forge/linux-64/icu-75.1-he02047a_0.conda
  hash:
    md5: 8b189310083baabfb622af68fd9d3ae3
    sha256: 71e750d509f5fa3421087ba88ef9a7b9be11c53174af3aa4d06aff4c18b38e8e
  category: main
  optional: false
- name: idna
  version: '3.11'
  manager: conda
  platform: linux-64
  dependencies:
    python: '>=3.10'
  url: https://conda.anaconda.org/conda-forge/noarch/idna-3.11-pyhd8ed1ab_0.conda
  hash:
    md5: 53abe63df7e10a6ba605dc5f9f961d36
    sha256: ae89d0299ada2a3162c2614a9d26557a92aa6a77120ce142f8e0109bbf0342b0
  category: main
  optional: false
- name: importlib-metadata
  version: 8.7.0
  manager: conda
  platform: linux-64
  dependencies:
    python: ''
    zipp: '>=3.20'
  url: https://conda.anaconda.org/conda-forge/noarch/importlib-metadata-8.7.0-pyhe01879c_1.conda
  hash:
    md5: 63ccfdc3a3ce25b027b8767eb722fca8
    sha256: c18ab120a0613ada4391b15981d86ff777b5690ca461ea7e9e49531e8f374745
  category: main
  optional: false
- name: importlib_resources
  version: 6.5.2
  manager: conda
  platform: linux-64
  dependencies:
    python: '>=3.9'
    zipp: '>=3.1.0'
  url: https://conda.anaconda.org/conda-forge/noarch/importlib_resources-6.5.2-pyhd8ed1ab_0.conda
  hash:
    md5: c85c76dc67d75619a92f51dfbce06992
    sha256: acc1d991837c0afb67c75b77fdc72b4bf022aac71fedd8b9ea45918ac9b08a80
  category: main
  optional: false
- name: jaraco.classes
  version: 3.4.0
  manager: conda
  platform: linux-64
  dependencies:
    more-itertools: ''
    python: '>=3.9'
  url: https://conda.anaconda.org/conda-forge/noarch/jaraco.classes-3.4.0-pyhd8ed1ab_2.conda
  hash:
    md5: ade6b25a6136661dadd1a43e4350b10b
    sha256: 3d16a0fa55a29fe723c918a979b2ee927eb0bf9616381cdfd26fa9ea2b649546
  category: main
  optional: false
- name: jaraco.context
  version: 6.0.1
  manager: conda
  platform: linux-64
  dependencies:
    backports.tarfile: ''
    python: '>=3.9'
  url: https://conda.anaconda.org/conda-forge/noarch/jaraco.context-6.0.1-pyhd8ed1ab_0.conda
  hash:
    md5: bcc023a32ea1c44a790bbf1eae473486
    sha256: bfaba92cd33a0ae2488ab64a1d4e062bcf52b26a71f88292c62386ccac4789d7
  category: main
  optional: false
- name: jaraco.functools
  version: 4.3.0
  manager: conda
  platform: linux-64
  dependencies:
    more-itertools: ''
    python: '>=3.9'
  url: https://conda.anaconda.org/conda-forge/noarch/jaraco.functools-4.3.0-pyhd8ed1ab_0.conda
  hash:
    md5: b86839fa387a5b904846e77c84167e57
    sha256: 89320bb2c6bef18f5109bee6cb07a193701cf00552a4cfc6f75073cf0d3e44f6
  category: main
  optional: false
- name: jeepney
  version: 0.9.0
  manager: conda
  platform: linux-64
  dependencies:
    python: '>=3.9'
  url: https://conda.anaconda.org/conda-forge/noarch/jeepney-0.9.0-pyhd8ed1ab_0.conda
  hash:
    md5: b4b91eb14fbe2f850dd2c5fc20676c0d
    sha256: 00d37d85ca856431c67c8f6e890251e7cc9e5ef3724a0302b8d4a101f22aa27f
  category: main
  optional: false
- name: jinja2
  version: 3.1.6
  manager: conda
  platform: linux-64
  dependencies:
    markupsafe: '>=2.0'
    python: '>=3.9'
  url: https://conda.anaconda.org/conda-forge/noarch/jinja2-3.1.6-pyhd8ed1ab_0.conda
  hash:
    md5: 446bd6c8cb26050d528881df495ce646
    sha256: f1ac18b11637ddadc05642e8185a851c7fab5998c6f5470d716812fae943b2af
  category: main
  optional: false
- name: keyring
  version: 25.7.0
  manager: conda
  platform: linux-64
  dependencies:
    __linux: ''
    importlib-metadata: '>=4.11.4'
    importlib_resources: ''
    jaraco.classes: ''
    jaraco.context: ''
    jaraco.functools: ''
    jeepney: '>=0.4.2'
    python: '>=3.10'
    secretstorage: '>=3.2'
  url: https://conda.anaconda.org/conda-forge/noarch/keyring-25.7.0-pyha804496_0.conda
  hash:
    md5: 9eeb0eaf04fa934808d3e070eebbe630
    sha256: 010718b1b1a35ce72782d38e6d6b9495d8d7d0dbea9a3e42901d030ff2189545
  category: main
  optional: false
- name: ld_impl_linux-64
  version: '2.45'
  manager: conda
  platform: linux-64
  dependencies:
    __glibc: '>=2.17,<3.0.a0'
    zstd: '>=1.5.7,<1.6.0a0'
  url: https://conda.anaconda.org/conda-forge/linux-64/ld_impl_linux-64-2.45-default_hbd61a6d_104.conda
  hash:
    md5: a6abd2796fc332536735f68ba23f7901
    sha256: 9e191baf2426a19507f1d0a17be0fdb7aa155cdf0f61d5a09c808e0a69464312
  category: main
  optional: false
- name: libblas
  version: 3.11.0
  manager: conda
  platform: linux-64
  dependencies:
    libopenblas: '>=0.3.30,<1.0a0'
  url: https://conda.anaconda.org/conda-forge/linux-64/libblas-3.11.0-2_h4a7cf45_openblas.conda
  hash:
    md5: 6146bf1b7f58113d54614c6ec683c14a
    sha256: 4287aa2742828dc869b09a17c9f1171903fc1146bdc8f7bdf62ffe5c20674f31
  category: main
  optional: false
- name: libcblas
  version: 3.11.0
  manager: conda
  platform: linux-64
  dependencies:
    libblas: 3.11.0
  url: https://conda.anaconda.org/conda-forge/linux-64/libcblas-3.11.0-2_h0358290_openblas.conda
  hash:
    md5: a84b2b7ed34206d14739fb8d29cd2799
    sha256: 02286c8941f156d11087dedc551b86b99bd55d9d4bdef61316566a2fc133608b
  category: main
  optional: false
- name: libexpat
  version: 2.7.3
  manager: conda
  platform: linux-64
  dependencies:
    __glibc: '>=2.17,<3.0.a0'
    libgcc: '>=14'
  url: https://conda.anaconda.org/conda-forge/linux-64/libexpat-2.7.3-hecca717_0.conda
  hash:
    md5: 8b09ae86839581147ef2e5c5e229d164
    sha256: 1e1b08f6211629cbc2efe7a5bca5953f8f6b3cae0eeb04ca4dacee1bd4e2db2f
  category: main
  optional: false
- name: libffi
  version: 3.5.2
  manager: conda
  platform: linux-64
  dependencies:
    __glibc: '>=2.17,<3.0.a0'
    libgcc: '>=14'
  url: https://conda.anaconda.org/conda-forge/linux-64/libffi-3.5.2-h9ec8514_0.conda
  hash:
    md5: 35f29eec58405aaf55e01cb470d8c26a
    sha256: 25cbdfa65580cfab1b8d15ee90b4c9f1e0d72128f1661449c9a999d341377d54
  category: main
  optional: false
- name: libgcc
  version: 15.2.0
  manager: conda
  platform: linux-64
  dependencies:
    __glibc: '>=2.17,<3.0.a0'
    _openmp_mutex: '>=4.5'
  url: https://conda.anaconda.org/conda-forge/linux-64/libgcc-15.2.0-h767d61c_7.conda
  hash:
    md5: c0374badb3a5d4b1372db28d19462c53
    sha256: 08f9b87578ab981c7713e4e6a7d935e40766e10691732bba376d4964562bcb45
  category: main
  optional: false
- name: libgcc-ng
  version: 15.2.0
  manager: conda
  platform: linux-64
  dependencies:
    libgcc: 15.2.0
  url: https://conda.anaconda.org/conda-forge/linux-64/libgcc-ng-15.2.0-h69a702a_7.conda
  hash:
    md5: 280ea6eee9e2ddefde25ff799c4f0363
    sha256: 2045066dd8e6e58aaf5ae2b722fb6dfdbb57c862b5f34ac7bfb58c40ef39b6ad
  category: main
  optional: false
- name: libgfortran
  version: 15.2.0
  manager: conda
  platform: linux-64
  dependencies:
    libgfortran5: 15.2.0
  url: https://conda.anaconda.org/conda-forge/linux-64/libgfortran-15.2.0-h69a702a_7.conda
  hash:
    md5: 8621a450add4e231f676646880703f49
    sha256: 9ca24328e31c8ef44a77f53104773b9fe50ea8533f4c74baa8489a12de916f02
  category: main
  optional: false
- name: libgfortran5
  version: 15.2.0
  manager: conda
  platform: linux-64
  dependencies:
    __glibc: '>=2.17,<3.0.a0'
    libgcc: '>=15.2.0'
  url: https://conda.anaconda.org/conda-forge/linux-64/libgfortran5-15.2.0-hcd61629_7.conda
  hash:
    md5: f116940d825ffc9104400f0d7f1a4551
    sha256: e93ceda56498d98c9f94fedec3e2d00f717cbedfc97c49be0e5a5828802f2d34
  category: main
  optional: false
- name: libglib
  version: 2.86.2
  manager: conda
  platform: linux-64
  dependencies:
    __glibc: '>=2.17,<3.0.a0'
    libffi: '>=3.5.2,<3.6.0a0'
    libgcc: '>=14'
    libiconv: '>=1.18,<2.0a0'
    libzlib: '>=1.3.1,<2.0a0'
    pcre2: '>=10.47,<10.48.0a0'
  url: https://conda.anaconda.org/conda-forge/linux-64/libglib-2.86.2-h6548e54_1.conda
  hash:
    md5: f01292fb36b6d00d5c51e5d46b513bcf
    sha256: bc71e13726871b1de958b73c000391c89ca3430fe8c787f325e682e51acebea5
  category: main
  optional: false
- name: libgomp
  version: 15.2.0
  manager: conda
  platform: linux-64
  dependencies:
    __glibc: '>=2.17,<3.0.a0'
  url: https://conda.anaconda.org/conda-forge/linux-64/libgomp-15.2.0-h767d61c_7.conda
  hash:
    md5: f7b4d76975aac7e5d9e6ad13845f92fe
    sha256: e9fb1c258c8e66ee278397b5822692527c5f5786d372fe7a869b900853f3f5ca
  category: main
  optional: false
- name: libiconv
  version: '1.18'
  manager: conda
  platform: linux-64
  dependencies:
    __glibc: '>=2.17,<3.0.a0'
    libgcc: '>=14'
  url: https://conda.anaconda.org/conda-forge/linux-64/libiconv-1.18-h3b78370_2.conda
  hash:
    md5: 915f5995e94f60e9a4826e0b0920ee88
    sha256: c467851a7312765447155e071752d7bf9bf44d610a5687e32706f480aad2833f
  category: main
  optional: false
- name: liblapack
  version: 3.11.0
  manager: conda
  platform: linux-64
  dependencies:
    libblas: 3.11.0
  url: https://conda.anaconda.org/conda-forge/linux-64/liblapack-3.11.0-2_h47877c9_openblas.conda
  hash:
    md5: 9fb20e74a7436dc94dd39d9a9decddc3
    sha256: d51497ff0af63c4fa854ee7eadca5589eebfc3c9f50eaaa5ede97becde4682ca
  category: main
  optional: false
- name: liblzma
  version: 5.8.1
  manager: conda
  platform: linux-64
  dependencies:
    __glibc: '>=2.17,<3.0.a0'
    libgcc: '>=13'
  url: https://conda.anaconda.org/conda-forge/linux-64/liblzma-5.8.1-hb9d3cd8_2.conda
  hash:
    md5: 1a580f7796c7bf6393fddb8bbbde58dc
    sha256: f2591c0069447bbe28d4d696b7fcb0c5bd0b4ac582769b89addbcf26fb3430d8
  category: main
  optional: false
- name: libmpdec
  version: 4.0.0
  manager: conda
  platform: linux-64
  dependencies:
    __glibc: '>=2.17,<3.0.a0'
    libgcc: '>=13'
  url: https://conda.anaconda.org/conda-forge/linux-64/libmpdec-4.0.0-hb9d3cd8_0.conda
  hash:
    md5: c7e925f37e3b40d893459e625f6a53f1
    sha256: 3aa92d4074d4063f2a162cd8ecb45dccac93e543e565c01a787e16a43501f7ee
  category: main
  optional: false
- name: libopenblas
  version: 0.3.30
  manager: conda
  platform: linux-64
  dependencies:
    __glibc: '>=2.17,<3.0.a0'
    libgcc: '>=14'
    libgfortran: ''
    libgfortran5: '>=14.3.0'
  url: https://conda.anaconda.org/conda-forge/linux-64/libopenblas-0.3.30-pthreads_h94d23a6_4.conda
  hash:
    md5: be43915efc66345cccb3c310b6ed0374
    sha256: 199d79c237afb0d4780ccd2fbf829cea80743df60df4705202558675e07dd2c5
  category: main
  optional: false
- name: libsqlite
  version: 3.51.0
  manager: conda
  platform: linux-64
  dependencies:
    __glibc: '>=2.17,<3.0.a0'
    icu: '>=75.1,<76.0a0'
    libgcc: '>=14'
    libzlib: '>=1.3.1,<2.0a0'
  url: https://conda.anaconda.org/conda-forge/linux-64/libsqlite-3.51.0-hee844dc_0.conda
  hash:
    md5: 729a572a3ebb8c43933b30edcc628ceb
    sha256: 4c992dcd0e34b68f843e75406f7f303b1b97c248d18f3c7c330bdc0bc26ae0b3
  category: main
  optional: false
- name: libstdcxx
  version: 15.2.0
  manager: conda
  platform: linux-64
  dependencies:
    __glibc: '>=2.17,<3.0.a0'
    libgcc: 15.2.0
  url: https://conda.anaconda.org/conda-forge/linux-64/libstdcxx-15.2.0-h8f9b012_7.conda
  hash:
    md5: 5b767048b1b3ee9a954b06f4084f93dc
    sha256: 1b981647d9775e1cdeb2fab0a4dd9cd75a6b0de2963f6c3953dbd712f78334b3
  category: main
  optional: false
- name: libstdcxx-ng
  version: 15.2.0
  manager: conda
  platform: linux-64
  dependencies:
    libstdcxx: 15.2.0
  url: https://conda.anaconda.org/conda-forge/linux-64/libstdcxx-ng-15.2.0-h4852527_7.conda
  hash:
    md5: f627678cf829bd70bccf141a19c3ad3e
    sha256: 024fd46ac3ea8032a5ec3ea7b91c4c235701a8bf0e6520fe5e6539992a6bd05f
  category: main
  optional: false
- name: libuuid
  version: 2.41.2
  manager: conda
  platform: linux-64
  dependencies:
    __glibc: '>=2.17,<3.0.a0'
    libgcc: '>=14'
  url: https://conda.anaconda.org/conda-forge/linux-64/libuuid-2.41.2-he9a06e4_0.conda
  hash:
    md5: 80c07c68d2f6870250959dcc95b209d1
    sha256: e5ec6d2ad7eef538ddcb9ea62ad4346fde70a4736342c4ad87bd713641eb9808
  category: main
  optional: false
- name: libzlib
  version: 1.3.1
  manager: conda
  platform: linux-64
  dependencies:
    __glibc: '>=2.17,<3.0.a0'
    libgcc: '>=13'
  url: https://conda.anaconda.org/conda-forge/linux-64/libzlib-1.3.1-hb9d3cd8_2.conda
  hash:
    md5: edb0dca6bc32e4f4789199455a1dbeb8
    sha256: d4bfe88d7cb447768e31650f06257995601f89076080e76df55e3112d4e47dc4
  category: main
  optional: false
- name: markupsafe
  version: 3.0.3
  manager: conda
  platform: linux-64
  dependencies:
    __glibc: '>=2.17,<3.0.a0'
    libgcc: '>=14'
    python: '>=3.13,<3.14.0a0'
    python_abi: 3.13.*
  url: https://conda.anaconda.org/conda-forge/linux-64/markupsafe-3.0.3-py313h3dea7bd_0.conda
  hash:
    md5: c14389156310b8ed3520d84f854be1ee
    sha256: a530a411bdaaf0b1e4de8869dfaca46cb07407bc7dc0702a9e231b0e5ce7ca85
  category: main
  optional: false
- name: more-itertools
  version: 10.8.0
  manager: conda
  platform: linux-64
  dependencies:
    python: '>=3.10'
  url: https://conda.anaconda.org/conda-forge/noarch/more-itertools-10.8.0-pyhd8ed1ab_0.conda
  hash:
    md5: d7620a15dc400b448e1c88a981b23ddd
    sha256: fabe81c8f8f3e1d0ef227fc1306526c76189b3f1175f12302c707e0972dd707c
  category: main
  optional: false
- name: msgpack-python
  version: 1.1.2
  manager: conda
  platform: linux-64
  dependencies:
    __glibc: '>=2.17,<3.0.a0'
    libgcc: '>=14'
    libstdcxx: '>=14'
    python: '>=3.13,<3.14.0a0'
    python_abi: 3.13.*
  url: https://conda.anaconda.org/conda-forge/linux-64/msgpack-python-1.1.2-py313h7037e92_1.conda
  hash:
    md5: cd1cfde0ea3bca6c805c73ffa988b12a
    sha256: fac37e267dd1d07527f0b078ffe000916e80e8c89cfe69d466f5775b88e93df2
  category: main
  optional: false
- name: ncurses
  version: '6.5'
  manager: conda
  platform: linux-64
  dependencies:
    __glibc: '>=2.17,<3.0.a0'
    libgcc: '>=13'
  url: https://conda.anaconda.org/conda-forge/linux-64/ncurses-6.5-h2d0b736_3.conda
  hash:
    md5: 47e340acb35de30501a76c7c799c41d7
    sha256: 3fde293232fa3fca98635e1167de6b7c7fda83caf24b9d6c91ec9eefb4f4d586
  category: main
  optional: false
- name: numpy
  version: 2.3.5
  manager: conda
  platform: linux-64
  dependencies:
    python: ''
    libgcc: '>=14'
    libstdcxx: '>=14'
    __glibc: '>=2.17,<3.0.a0'
    liblapack: '>=3.9.0,<4.0a0'
    libcblas: '>=3.9.0,<4.0a0'
    libblas: '>=3.9.0,<4.0a0'
    python_abi: 3.13.*
  url: https://conda.anaconda.org/conda-forge/linux-64/numpy-2.3.5-py313hf6604e3_0.conda
  hash:
    md5: 15f43bcd12c90186e78801fafc53d89b
    sha256: d54453cb875ed66139c973313465f757a5d6c7ab5760b96484ae56cb8a16ca23
  category: main
  optional: false
- name: openssl
  version: 3.6.0
  manager: conda
  platform: linux-64
  dependencies:
    __glibc: '>=2.17,<3.0.a0'
    ca-certificates: ''
    libgcc: '>=14'
  url: https://conda.anaconda.org/conda-forge/linux-64/openssl-3.6.0-h26f9b46_0.conda
  hash:
    md5: 9ee58d5c534af06558933af3c845a780
    sha256: a47271202f4518a484956968335b2521409c8173e123ab381e775c358c67fe6d
  category: main
  optional: false
- name: packaging
  version: '25.0'
  manager: conda
  platform: linux-64
  dependencies:
    python: ''
  url: https://conda.anaconda.org/conda-forge/noarch/packaging-25.0-pyh29332c3_1.conda
  hash:
    md5: 58335b26c38bf4a20f399384c33cbcf9
    sha256: 289861ed0c13a15d7bbb408796af4de72c2fe67e2bcb0de98f4c3fce259d7991
  category: main
  optional: false
- name: pandas
  version: 2.3.3
  manager: conda
  platform: linux-64
  dependencies:
    __glibc: '>=2.17,<3.0.a0'
    libgcc: '>=14'
    libstdcxx: '>=14'
    numpy: '>=1.23,<3'
    python: '>=3.13,<3.14.0a0'
    python-dateutil: '>=2.8.2'
    python-tzdata: '>=2022.7'
    python_abi: 3.13.*
    pytz: '>=2020.1'
  url: https://conda.anaconda.org/conda-forge/linux-64/pandas-2.3.3-py313h08cd8bf_1.conda
  hash:
    md5: 9e87d4bda0c2711161d765332fa38781
    sha256: c4ce5f75d175cb264dc98af6db14378222b63955c63bf1b5e30e042e81624fae
  category: main
  optional: false
- name: pcre2
  version: '10.47'
  manager: conda
  platform: linux-64
  dependencies:
    __glibc: '>=2.17,<3.0.a0'
    bzip2: '>=1.0.8,<2.0a0'
    libgcc: '>=14'
    libzlib: '>=1.3.1,<2.0a0'
  url: https://conda.anaconda.org/conda-forge/linux-64/pcre2-10.47-haa7fec5_0.conda
  hash:
    md5: 7a3bff861a6583f1889021facefc08b1
    sha256: 5e6f7d161356fefd981948bea5139c5aa0436767751a6930cb1ca801ebb113ff
  category: main
  optional: false
- name: pip
  version: '25.3'
  manager: conda
  platform: linux-64
  dependencies:
    python: '>=3.13.0a0'
  url: https://conda.anaconda.org/conda-forge/noarch/pip-25.3-pyh145f28c_0.conda
  hash:
    md5: bf47878473e5ab9fdb4115735230e191
    sha256: 4d5e2faca810459724f11f78d19a0feee27a7be2b3fc5f7abbbec4c9fdcae93d
  category: main
  optional: false
- name: pkginfo
  version: 1.12.1.2
  manager: conda
  platform: linux-64
  dependencies:
    python: '>=3.9'
  url: https://conda.anaconda.org/conda-forge/noarch/pkginfo-1.12.1.2-pyhd8ed1ab_0.conda
  hash:
    md5: dc702b2fae7ebe770aff3c83adb16b63
    sha256: 353fd5a2c3ce31811a6272cd328874eb0d327b1eafd32a1e19001c4ad137ad3a
  category: main
  optional: false
- name: platformdirs
  version: 4.5.0
  manager: conda
  platform: linux-64
  dependencies:
    python: ''
  url: https://conda.anaconda.org/conda-forge/noarch/platformdirs-4.5.0-pyhcf101f3_0.conda
  hash:
    md5: 5c7a868f8241e64e1cf5fdf4962f23e2
    sha256: 7efd51b48d908de2d75cbb3c4a2e80dd9454e1c5bb8191b261af3136f7fa5888
  category: main
  optional: false
- name: pycparser
  version: '2.22'
  manager: conda
  platform: linux-64
  dependencies:
    python: ''
  url: https://conda.anaconda.org/conda-forge/noarch/pycparser-2.22-pyh29332c3_1.conda
  hash:
    md5: 12c566707c80111f9799308d9e265aef
    sha256: 79db7928d13fab2d892592223d7570f5061c192f27b9febd1a418427b719acc6
  category: main
  optional: false
- name: pydantic
  version: 2.12.4
  manager: conda
  platform: linux-64
  dependencies:
    annotated-types: '>=0.6.0'
    pydantic-core: 2.41.5
    python: '>=3.10'
    typing-extensions: '>=4.6.1'
    typing-inspection: '>=0.4.2'
    typing_extensions: '>=4.14.1'
  url: https://conda.anaconda.org/conda-forge/noarch/pydantic-2.12.4-pyh3cfb1c2_0.conda
  hash:
    md5: bf6ce72315b6759453d8c90a894e9e4c
    sha256: c51297f0f6ef13776cc5b61c37d00c0d45faaed34f81d196e64bebc989f3e497
  category: main
  optional: false
- name: pydantic-core
  version: 2.41.5
  manager: conda
  platform: linux-64
  dependencies:
    python: ''
    typing-extensions: '>=4.6.0,!=4.7.0'
    libgcc: '>=14'
    __glibc: '>=2.17,<3.0.a0'
    python_abi: 3.13.*
  url: https://conda.anaconda.org/conda-forge/linux-64/pydantic-core-2.41.5-py313h843e2db_1.conda
  hash:
    md5: f27c39a1906771bbe56cd26a76bf0b8b
    sha256: b15568ddc03bd33ea41610e5df951be4e245cd61957cbf8c2cfd12557f3d53b5
  category: main
  optional: false
- name: pyproject_hooks
  version: 1.2.0
  manager: conda
  platform: linux-64
  dependencies:
    python: '>=3.9'
    tomli: '>=1.1.0'
  url: https://conda.anaconda.org/conda-forge/noarch/pyproject_hooks-1.2.0-pyhd8ed1ab_1.conda
  hash:
    md5: d4582021af437c931d7d77ec39007845
    sha256: 065ac44591da9abf1ff740feb25929554b920b00d09287a551fcced2c9791092
  category: main
  optional: false
- name: pysocks
  version: 1.7.1
  manager: conda
  platform: linux-64
  dependencies:
    __unix: ''
    python: '>=3.9'
  url: https://conda.anaconda.org/conda-forge/noarch/pysocks-1.7.1-pyha55dd90_7.conda
  hash:
    md5: 461219d1a5bd61342293efa2c0c90eac
    sha256: ba3b032fa52709ce0d9fd388f63d330a026754587a2f461117cac9ab73d8d0d8
  category: main
  optional: false
- name: python
  version: 3.13.9
  manager: conda
  platform: linux-64
  dependencies:
    __glibc: '>=2.17,<3.0.a0'
    bzip2: '>=1.0.8,<2.0a0'
    ld_impl_linux-64: '>=2.36.1'
    libexpat: '>=2.7.1,<3.0a0'
    libffi: '>=3.5.2,<3.6.0a0'
    libgcc: '>=14'
    liblzma: '>=5.8.1,<6.0a0'
    libmpdec: '>=4.0.0,<5.0a0'
    libsqlite: '>=3.50.4,<4.0a0'
    libuuid: '>=2.41.2,<3.0a0'
    libzlib: '>=1.3.1,<2.0a0'
    ncurses: '>=6.5,<7.0a0'
    openssl: '>=3.5.4,<4.0a0'
    python_abi: 3.13.*
    readline: '>=8.2,<9.0a0'
    tk: '>=8.6.13,<8.7.0a0'
    tzdata: ''
    pip: ''
  url: https://conda.anaconda.org/conda-forge/linux-64/python-3.13.9-hc97d973_101_cp313.conda
  hash:
    md5: 4780fe896e961722d0623fa91d0d3378
    sha256: e89da062abd0d3e76c8d3b35d3cafc5f0d05914339dcb238f9e3675f2a58d883
  category: main
  optional: false
- name: python-build
  version: 1.3.0
  manager: conda
  platform: linux-64
  dependencies:
    colorama: ''
    importlib-metadata: '>=4.6'
    packaging: '>=19.0'
    pyproject_hooks: ''
    python: '>=3.9'
    tomli: '>=1.1.0'
  url: https://conda.anaconda.org/conda-forge/noarch/python-build-1.3.0-pyhff2d567_0.conda
  hash:
    md5: ed5d43e9ef92cc2a9872f9bdfe94b984
    sha256: b2df2264f0936b9f95e13ac79b596fac86d3b649812da03a61543e11e669714c
  category: main
  optional: false
- name: python-dateutil
  version: 2.9.0.post0
  manager: conda
  platform: linux-64
  dependencies:
    python: ''
    six: '>=1.5'
  url: https://conda.anaconda.org/conda-forge/noarch/python-dateutil-2.9.0.post0-pyhe01879c_2.conda
  hash:
    md5: 5b8d21249ff20967101ffa321cab24e8
    sha256: d6a17ece93bbd5139e02d2bd7dbfa80bee1a4261dced63f65f679121686bf664
  category: main
  optional: false
- name: python-fastjsonschema
  version: 2.21.2
  manager: conda
  platform: linux-64
  dependencies:
    python: ''
  url: https://conda.anaconda.org/conda-forge/noarch/python-fastjsonschema-2.21.2-pyhe01879c_0.conda
  hash:
    md5: 23029aae904a2ba587daba708208012f
    sha256: df9aa74e9e28e8d1309274648aac08ec447a92512c33f61a8de0afa9ce32ebe8
  category: main
  optional: false
- name: python-installer
  version: 0.7.0
  manager: conda
  platform: linux-64
  dependencies:
    python: '>=3.9'
  url: https://conda.anaconda.org/conda-forge/noarch/python-installer-0.7.0-pyhff2d567_1.conda
  hash:
    md5: e27480eebcdf247209e90da706ebef8d
    sha256: f1fc3e9561b6d3bee2f738f5b1818b51124f45a2b28b3bf6c2174d629276e069
  category: main
  optional: false
- name: python-tzdata
  version: '2025.2'
  manager: conda
  platform: linux-64
  dependencies:
    python: '>=3.9'
  url: https://conda.anaconda.org/conda-forge/noarch/python-tzdata-2025.2-pyhd8ed1ab_0.conda
  hash:
    md5: 88476ae6ebd24f39261e0854ac244f33
    sha256: e8392a8044d56ad017c08fec2b0eb10ae3d1235ac967d0aab8bd7b41c4a5eaf0
  category: main
  optional: false
- name: python_abi
  version: '3.13'
  manager: conda
  platform: linux-64
  dependencies: {}
  url: https://conda.anaconda.org/conda-forge/noarch/python_abi-3.13-8_cp313.conda
  hash:
    md5: 94305520c52a4aa3f6c2b1ff6008d9f8
    sha256: 210bffe7b121e651419cb196a2a63687b087497595c9be9d20ebe97dd06060a7
  category: main
  optional: false
- name: pytz
  version: '2025.2'
  manager: conda
  platform: linux-64
  dependencies:
    python: '>=3.9'
  url: https://conda.anaconda.org/conda-forge/noarch/pytz-2025.2-pyhd8ed1ab_0.conda
  hash:
    md5: bc8e3267d44011051f2eb14d22fb0960
    sha256: 8d2a8bf110cc1fc3df6904091dead158ba3e614d8402a83e51ed3a8aa93cdeb0
  category: main
  optional: false
- name: pyyaml
  version: 6.0.3
  manager: conda
  platform: linux-64
  dependencies:
    __glibc: '>=2.17,<3.0.a0'
    libgcc: '>=14'
    python: '>=3.13,<3.14.0a0'
    python_abi: 3.13.*
    yaml: '>=0.2.5,<0.3.0a0'
  url: https://conda.anaconda.org/conda-forge/linux-64/pyyaml-6.0.3-py313h3dea7bd_0.conda
  hash:
    md5: 4794ea0adaebd9f844414e594b142cb2
    sha256: 40dcd6718dce5fbee8aabdd0519f23d456d8feb2e15ac352eaa88bbfd3a881af
  category: main
  optional: false
- name: readline
  version: '8.2'
  manager: conda
  platform: linux-64
  dependencies:
    libgcc: '>=13'
    ncurses: '>=6.5,<7.0a0'
  url: https://conda.anaconda.org/conda-forge/linux-64/readline-8.2-h8c095d6_2.conda
  hash:
    md5: 283b96675859b20a825f8fa30f311446
    sha256: 2d6d0c026902561ed77cd646b5021aef2d4db22e57a5b0178dfc669231e06d2c
  category: main
  optional: false
- name: requests
  version: 2.32.5
  manager: conda
  platform: linux-64
  dependencies:
    certifi: '>=2017.4.17'
    charset-normalizer: '>=2,<4'
    idna: '>=2.5,<4'
    python: '>=3.9'
    urllib3: '>=1.21.1,<3'
  url: https://conda.anaconda.org/conda-forge/noarch/requests-2.32.5-pyhd8ed1ab_0.conda
  hash:
    md5: db0c6b99149880c8ba515cf4abe93ee4
    sha256: 8dc54e94721e9ab545d7234aa5192b74102263d3e704e6d0c8aa7008f2da2a7b
  category: main
  optional: false
- name: requests-toolbelt
  version: 1.0.0
  manager: conda
  platform: linux-64
  dependencies:
    python: '>=3.9'
    requests: '>=2.0.1,<3.0.0'
  url: https://conda.anaconda.org/conda-forge/noarch/requests-toolbelt-1.0.0-pyhd8ed1ab_1.conda
  hash:
    md5: 66de8645e324fda0ea6ef28c2f99a2ab
    sha256: c0b815e72bb3f08b67d60d5e02251bbb0164905b5f72942ff5b6d2a339640630
  category: main
  optional: false
- name: ruamel.yaml
  version: 0.18.16
  manager: conda
  platform: linux-64
  dependencies:
    __glibc: '>=2.17,<3.0.a0'
    libgcc: '>=14'
    python: '>=3.13,<3.14.0a0'
    python_abi: 3.13.*
    ruamel.yaml.clib: '>=0.1.2'
  url: https://conda.anaconda.org/conda-forge/linux-64/ruamel.yaml-0.18.16-py313h07c4f96_0.conda
  hash:
    md5: 88717b72e54ee6ef081c9ecfafd728c8
    sha256: fa1667f1c61610191960d0f6c33a55f3afacfd9c43ff4c9b1507ba164eb3f28f
  category: main
  optional: false
- name: ruamel.yaml.clib
  version: 0.2.14
  manager: conda
  platform: linux-64
  dependencies:
    __glibc: '>=2.17,<3.0.a0'
    libgcc: '>=14'
    python: '>=3.13,<3.14.0a0'
    python_abi: 3.13.*
  url: https://conda.anaconda.org/conda-forge/linux-64/ruamel.yaml.clib-0.2.14-py313h07c4f96_0.conda
  hash:
    md5: 3cff82488dd3935fdb3ba37911387fec
    sha256: 1d5607b463001ed480aea45b7f3c1035151c0c44a3bf4f3539a00fe097c5e30a
  category: main
  optional: false
- name: secretstorage
  version: 3.4.1
  manager: conda
  platform: linux-64
  dependencies:
    cryptography: '>=2.0'
    dbus: ''
    jeepney: '>=0.6'
    python: '>=3.13,<3.14.0a0'
    python_abi: 3.13.*
  url: https://conda.anaconda.org/conda-forge/linux-64/secretstorage-3.4.1-py313h78bf25f_0.conda
  hash:
    md5: 013a7d73eaef154f0dc5e415ffa8ff87
    sha256: 43ea89b53cbede879e57ac9dd20153c5cd2bb9575228e7faf5a8764aa6c201b7
  category: main
  optional: false
- name: semver
  version: 3.0.4
  manager: conda
  platform: linux-64
  dependencies:
    python: '>=3.9'
  url: https://conda.anaconda.org/conda-forge/noarch/semver-3.0.4-pyhd8ed1ab_0.conda
  hash:
    md5: 982aa48accc06494cbd2b51af69e17c7
    sha256: 7d3f5531269e15cb533b60009aa2a950f9844acf31f38c1b55c8000dbb316676
  category: main
  optional: false
- name: setuptools
  version: 80.9.0
  manager: conda
  platform: linux-64
  dependencies:
    python: '>=3.9'
  url: https://conda.anaconda.org/conda-forge/noarch/setuptools-80.9.0-pyhff2d567_0.conda
  hash:
    md5: 4de79c071274a53dcaf2a8c749d1499e
    sha256: 972560fcf9657058e3e1f97186cc94389144b46dbdf58c807ce62e83f977e863
  category: main
  optional: false
- name: shellingham
  version: 1.5.4
  manager: conda
  platform: linux-64
  dependencies:
    python: '>=3.10'
  url: https://conda.anaconda.org/conda-forge/noarch/shellingham-1.5.4-pyhd8ed1ab_2.conda
  hash:
    md5: 83ea3a2ddb7a75c1b09cea582aa4f106
    sha256: 1d6534df8e7924d9087bd388fbac5bd868c5bf8971c36885f9f016da0657d22b
  category: main
  optional: false
- name: six
  version: 1.17.0
  manager: conda
  platform: linux-64
  dependencies:
    python: ''
  url: https://conda.anaconda.org/conda-forge/noarch/six-1.17.0-pyhe01879c_1.conda
  hash:
    md5: 3339e3b65d58accf4ca4fb8748ab16b3
    sha256: 458227f759d5e3fcec5d9b7acce54e10c9e1f4f4b7ec978f3bfd54ce4ee9853d
  category: main
  optional: false
- name: smmap
  version: 5.0.2
  manager: conda
  platform: linux-64
  dependencies:
    python: '>=3.9'
  url: https://conda.anaconda.org/conda-forge/noarch/smmap-5.0.2-pyhd8ed1ab_0.conda
  hash:
    md5: 87f47a78808baf2fa1ea9c315a1e48f1
    sha256: eb92d0ad94b65af16c73071cc00cc0e10f2532be807beb52758aab2b06eb21e2
  category: main
  optional: false
- name: tk
  version: 8.6.13
  manager: conda
  platform: linux-64
  dependencies:
    __glibc: '>=2.17,<3.0.a0'
    libgcc: '>=13'
    libzlib: '>=1.3.1,<2.0a0'
  url: https://conda.anaconda.org/conda-forge/linux-64/tk-8.6.13-noxft_ha0e22de_103.conda
  hash:
    md5: 86bc20552bf46075e3d92b67f089172d
    sha256: 1544760538a40bcd8ace2b1d8ebe3eb5807ac268641f8acdc18c69c5ebfeaf64
  category: main
  optional: false
- name: tomli
  version: 2.3.0
  manager: conda
  platform: linux-64
  dependencies:
    python: ''
  url: https://conda.anaconda.org/conda-forge/noarch/tomli-2.3.0-pyhcf101f3_0.conda
  hash:
    md5: d2732eb636c264dc9aa4cbee404b1a53
    sha256: cb77c660b646c00a48ef942a9e1721ee46e90230c7c570cdeb5a893b5cce9bff
  category: main
  optional: false
- name: tomlkit
  version: 0.13.3
  manager: conda
  platform: linux-64
  dependencies:
    python: '>=3.9'
  url: https://conda.anaconda.org/conda-forge/noarch/tomlkit-0.13.3-pyha770c72_0.conda
  hash:
    md5: 146402bf0f11cbeb8f781fa4309a95d3
    sha256: f8d3b49c084831a20923f66826f30ecfc55a4cd951e544b7213c692887343222
  category: main
  optional: false
- name: trove-classifiers
  version: 2025.11.14.15
  manager: conda
  platform: linux-64
  dependencies:
    python: '>=3.10'
  url: https://conda.anaconda.org/conda-forge/noarch/trove-classifiers-2025.11.14.15-pyhd8ed1ab_0.conda
  hash:
    md5: e976edbb0821092956a85f1e7b627a97
    sha256: a99493b5d25272f160bfb4ef2b7878794dfa405ba9922bcee48b6f75675e3a74
  category: main
  optional: false
- name: typing-extensions
  version: 4.15.0
  manager: conda
  platform: linux-64
  dependencies:
    typing_extensions: ==4.15.0
  url: https://conda.anaconda.org/conda-forge/noarch/typing-extensions-4.15.0-h396c80c_0.conda
  hash:
    md5: edd329d7d3a4ab45dcf905899a7a6115
    sha256: 7c2df5721c742c2a47b2c8f960e718c930031663ac1174da67c1ed5999f7938c
  category: main
  optional: false
- name: typing-inspection
  version: 0.4.2
  manager: conda
  platform: linux-64
  dependencies:
    python: '>=3.10'
    typing_extensions: '>=4.12.0'
  url: https://conda.anaconda.org/conda-forge/noarch/typing-inspection-0.4.2-pyhd8ed1ab_0.conda
  hash:
    md5: 399701494e731ce73fdd86c185a3d1b4
    sha256: 8aaf69b828c2b94d0784f18f70f11aa032950d304e57e88467120b45c18c24fd
  category: main
  optional: false
- name: typing_extensions
  version: 4.15.0
  manager: conda
  platform: linux-64
  dependencies:
    python: ''
  url: https://conda.anaconda.org/conda-forge/noarch/typing_extensions-4.15.0-pyhcf101f3_0.conda
  hash:
    md5: 0caa1af407ecff61170c9437a808404d
    sha256: 032271135bca55aeb156cee361c81350c6f3fb203f57d024d7e5a1fc9ef18731
  category: main
  optional: false
- name: tzdata
  version: 2025b
  manager: conda
  platform: linux-64
  dependencies: {}
  url: https://conda.anaconda.org/conda-forge/noarch/tzdata-2025b-h78e105d_0.conda
  hash:
    md5: 4222072737ccff51314b5ece9c7d6f5a
    sha256: 5aaa366385d716557e365f0a4e9c3fca43ba196872abbbe3d56bb610d131e192
  category: main
  optional: false
- name: urllib3
  version: 2.5.0
  manager: conda
  platform: linux-64
  dependencies:
    brotli-python: '>=1.0.9'
    h2: '>=4,<5'
    pysocks: '>=1.5.6,<2.0,!=1.5.7'
    python: '>=3.9'
    zstandard: '>=0.18.0'
  url: https://conda.anaconda.org/conda-forge/noarch/urllib3-2.5.0-pyhd8ed1ab_0.conda
  hash:
    md5: 436c165519e140cb08d246a4472a9d6a
    sha256: 4fb9789154bd666ca74e428d973df81087a697dbb987775bc3198d2215f240f8
  category: main
  optional: false
- name: virtualenv
  version: 20.35.4
  manager: conda
  platform: linux-64
  dependencies:
    distlib: '>=0.3.7,<1'
    filelock: '>=3.12.2,<4'
    platformdirs: '>=3.9.1,<5'
    python: '>=3.10'
    typing_extensions: '>=4.13.2'
  url: https://conda.anaconda.org/conda-forge/noarch/virtualenv-20.35.4-pyhd8ed1ab_0.conda
  hash:
    md5: cfccfd4e8d9de82ed75c8e2c91cab375
    sha256: 77193c99c6626c58446168d3700f9643d8c0dab1f6deb6b9dd039e6872781bfb
  category: main
  optional: false
- name: yaml
  version: 0.2.5
  manager: conda
  platform: linux-64
  dependencies:
    libgcc: '>=14'
    __glibc: '>=2.17,<3.0.a0'
  url: https://conda.anaconda.org/conda-forge/linux-64/yaml-0.2.5-h280c20c_3.conda
  hash:
    md5: a77f85f77be52ff59391544bfe73390a
    sha256: 6d9ea2f731e284e9316d95fa61869fe7bbba33df7929f82693c121022810f4ad
  category: main
  optional: false
- name: zipp
  version: 3.23.0
  manager: conda
  platform: linux-64
  dependencies:
    python: '>=3.9'
  url: https://conda.anaconda.org/conda-forge/noarch/zipp-3.23.0-pyhd8ed1ab_0.conda
  hash:
    md5: df5e78d904988eb55042c0c97446079f
    sha256: 7560d21e1b021fd40b65bfb72f67945a3fcb83d78ad7ccf37b8b3165ec3b68ad
  category: main
  optional: false
- name: zstandard
  version: 0.25.0
  manager: conda
  platform: linux-64
  dependencies:
    python: ''
    cffi: '>=1.11'
    zstd: '>=1.5.7,<1.6.0a0'
    libgcc: '>=14'
    __glibc: '>=2.17,<3.0.a0'
    python_abi: 3.13.*
  url: https://conda.anaconda.org/conda-forge/linux-64/zstandard-0.25.0-py313h54dd161_1.conda
  hash:
    md5: 710d4663806d0f72b2fb414e936223b5
    sha256: e6921de3669e1bbd5d050a3b771b46a887e7f4ffeb1ddd5e4d9fb01062a2f6e9
  category: main
  optional: false
- name: zstd
  version: 1.5.7
  manager: conda
  platform: linux-64
  dependencies:
    __glibc: '>=2.17,<3.0.a0'
    libgcc: '>=13'
    libstdcxx: '>=13'
    libzlib: '>=1.3.1,<2.0a0'
  url: https://conda.anaconda.org/conda-forge/linux-64/zstd-1.5.7-hb8e6e7a_2.conda
  hash:
    md5: 6432cb5d4ac0046c3ac0a8a0f95842f9
    sha256: a4166e3d8ff4e35932510aaff7aa90772f84b4d07e9f6f83c614cba7ceefe0eb
  category: main
  optional: false
